// !$*UTF8*$!
{
	archiveVersion = 1;
	classes = {
	};
	objectVersion = 46;
	objects = {

/* Begin PBXBuildFile section */
		AA5DF60D1B150AF600B762A1 /* EmbeddedResources.m in Sources */ = {isa = PBXBuildFile; fileRef = AA5DF60C1B150AF600B762A1 /* EmbeddedResources.m */; };
		CA87B9641B1380E600198A02 /* swake in CopyFiles */ = {isa = PBXBuildFile; fileRef = CADF86371B1328260068602D /* swake */; settings = {ATTRIBUTES = (CodeSignOnCopy, ); }; };
		CAAE275F1B137FBE007EEBF3 /* Swakefile in CopyFiles */ = {isa = PBXBuildFile; fileRef = CAAE275E1B137ED5007EEBF3 /* Swakefile */; };
		CADF863B1B1328260068602D /* main.swift in Sources */ = {isa = PBXBuildFile; fileRef = CADF863A1B1328260068602D /* main.swift */; };
		CADF86431B132A290068602D /* Skeleton.swift in Sources */ = {isa = PBXBuildFile; fileRef = CADF86421B132A290068602D /* Skeleton.swift */; };
/* End PBXBuildFile section */

/* Begin PBXCopyFilesBuildPhase section */
		CA87B9621B1380DE00198A02 /* CopyFiles */ = {
			isa = PBXCopyFilesBuildPhase;
			buildActionMask = 2147483647;
			dstPath = /usr/local/bin;
			dstSubfolderSpec = 0;
			files = (
				CA87B9641B1380E600198A02 /* swake in CopyFiles */,
			);
			runOnlyForDeploymentPostprocessing = 0;
		};
		CAAE27511B13317B007EEBF3 /* CopyFiles */ = {
			isa = PBXCopyFilesBuildPhase;
			buildActionMask = 2147483647;
			dstPath = "";
			dstSubfolderSpec = 16;
			files = (
				CAAE275F1B137FBE007EEBF3 /* Swakefile in CopyFiles */,
			);
			runOnlyForDeploymentPostprocessing = 0;
		};
		CADF86351B1328260068602D /* CopyFiles */ = {
			isa = PBXCopyFilesBuildPhase;
			buildActionMask = 2147483647;
			dstPath = /usr/share/man/man1/;
			dstSubfolderSpec = 0;
			files = (
			);
			runOnlyForDeploymentPostprocessing = 1;
		};
/* End PBXCopyFilesBuildPhase section */

/* Begin PBXFileReference section */
		AA5DF6071B15080300B762A1 /* swake-Bridging-Header.h */ = {isa = PBXFileReference; lastKnownFileType = sourcecode.c.h; path = "swake-Bridging-Header.h"; sourceTree = "<group>"; };
		AA5DF60B1B150AF600B762A1 /* EmbeddedResources.h */ = {isa = PBXFileReference; fileEncoding = 4; lastKnownFileType = sourcecode.c.h; path = EmbeddedResources.h; sourceTree = "<group>"; };
		AA5DF60C1B150AF600B762A1 /* EmbeddedResources.m */ = {isa = PBXFileReference; fileEncoding = 4; lastKnownFileType = sourcecode.c.objc; path = EmbeddedResources.m; sourceTree = "<group>"; };
		CAAE275E1B137ED5007EEBF3 /* Swakefile */ = {isa = PBXFileReference; fileEncoding = 4; lastKnownFileType = text; name = Swakefile; path = Examples/Swakefile; sourceTree = "<group>"; };
		CADF86371B1328260068602D /* swake */ = {isa = PBXFileReference; explicitFileType = "compiled.mach-o.executable"; includeInIndex = 0; path = swake; sourceTree = BUILT_PRODUCTS_DIR; };
		CADF863A1B1328260068602D /* main.swift */ = {isa = PBXFileReference; lastKnownFileType = sourcecode.swift; path = main.swift; sourceTree = "<group>"; };
		CADF86421B132A290068602D /* Skeleton.swift */ = {isa = PBXFileReference; fileEncoding = 4; lastKnownFileType = sourcecode.swift; path = Skeleton.swift; sourceTree = "<group>"; };
/* End PBXFileReference section */

/* Begin PBXFrameworksBuildPhase section */
		CADF86341B1328260068602D /* Frameworks */ = {
			isa = PBXFrameworksBuildPhase;
			buildActionMask = 2147483647;
			files = (
			);
			runOnlyForDeploymentPostprocessing = 0;
		};
/* End PBXFrameworksBuildPhase section */

/* Begin PBXGroup section */
		CAAE275D1B137EC9007EEBF3 /* Examples */ = {
			isa = PBXGroup;
			children = (
				CAAE275E1B137ED5007EEBF3 /* Swakefile */,
			);
			name = Examples;
			sourceTree = "<group>";
		};
		CADF862E1B1328260068602D = {
			isa = PBXGroup;
			children = (
				CADF86391B1328260068602D /* swake */,
				CADF86381B1328260068602D /* Products */,
			);
			sourceTree = "<group>";
		};
		CADF86381B1328260068602D /* Products */ = {
			isa = PBXGroup;
			children = (
				CADF86371B1328260068602D /* swake */,
			);
			name = Products;
			sourceTree = "<group>";
		};
		CADF86391B1328260068602D /* swake */ = {
			isa = PBXGroup;
			children = (
				AA5DF60B1B150AF600B762A1 /* EmbeddedResources.h */,
				AA5DF60C1B150AF600B762A1 /* EmbeddedResources.m */,
				CAAE275D1B137EC9007EEBF3 /* Examples */,
				CADF863A1B1328260068602D /* main.swift */,
				CADF86421B132A290068602D /* Skeleton.swift */,
				AA5DF6071B15080300B762A1 /* swake-Bridging-Header.h */,
			);
			path = swake;
			sourceTree = "<group>";
		};
/* End PBXGroup section */

/* Begin PBXNativeTarget section */
		CADF86361B1328260068602D /* swake */ = {
			isa = PBXNativeTarget;
			buildConfigurationList = CADF863E1B1328260068602D /* Build configuration list for PBXNativeTarget "swake" */;
			buildPhases = (
				CADF86331B1328260068602D /* Sources */,
				CADF86341B1328260068602D /* Frameworks */,
				CADF86351B1328260068602D /* CopyFiles */,
				CAAE27511B13317B007EEBF3 /* CopyFiles */,
				CA87B9621B1380DE00198A02 /* CopyFiles */,
			);
			buildRules = (
			);
			dependencies = (
			);
			name = swake;
			productName = swake;
			productReference = CADF86371B1328260068602D /* swake */;
			productType = "com.apple.product-type.tool";
		};
/* End PBXNativeTarget section */

/* Begin PBXProject section */
		CADF862F1B1328260068602D /* Project object */ = {
			isa = PBXProject;
			attributes = {
				LastUpgradeCheck = 0630;
				ORGANIZATIONNAME = "Christian Lobach";
				TargetAttributes = {
					CADF86361B1328260068602D = {
						CreatedOnToolsVersion = 6.3.2;
					};
				};
			};
			buildConfigurationList = CADF86321B1328260068602D /* Build configuration list for PBXProject "swake" */;
			compatibilityVersion = "Xcode 3.2";
			developmentRegion = English;
			hasScannedForEncodings = 0;
			knownRegions = (
				en,
			);
			mainGroup = CADF862E1B1328260068602D;
			productRefGroup = CADF86381B1328260068602D /* Products */;
			projectDirPath = "";
			projectRoot = "";
			targets = (
				CADF86361B1328260068602D /* swake */,
			);
		};
/* End PBXProject section */

/* Begin PBXSourcesBuildPhase section */
		CADF86331B1328260068602D /* Sources */ = {
			isa = PBXSourcesBuildPhase;
			buildActionMask = 2147483647;
			files = (
				CADF863B1B1328260068602D /* main.swift in Sources */,
				CADF86431B132A290068602D /* Skeleton.swift in Sources */,
				AA5DF60D1B150AF600B762A1 /* EmbeddedResources.m in Sources */,
			);
			runOnlyForDeploymentPostprocessing = 0;
		};
/* End PBXSourcesBuildPhase section */

/* Begin XCBuildConfiguration section */
		CADF863C1B1328260068602D /* Debug */ = {
			isa = XCBuildConfiguration;
			buildSettings = {
				ALWAYS_SEARCH_USER_PATHS = NO;
				CLANG_CXX_LANGUAGE_STANDARD = "gnu++0x";
				CLANG_CXX_LIBRARY = "libc++";
				CLANG_ENABLE_MODULES = YES;
				CLANG_ENABLE_OBJC_ARC = YES;
				CLANG_WARN_BOOL_CONVERSION = YES;
				CLANG_WARN_CONSTANT_CONVERSION = YES;
				CLANG_WARN_DIRECT_OBJC_ISA_USAGE = YES_ERROR;
				CLANG_WARN_EMPTY_BODY = YES;
				CLANG_WARN_ENUM_CONVERSION = YES;
				CLANG_WARN_INT_CONVERSION = YES;
				CLANG_WARN_OBJC_ROOT_CLASS = YES_ERROR;
				CLANG_WARN_UNREACHABLE_CODE = YES;
				CLANG_WARN__DUPLICATE_METHOD_MATCH = YES;
				COPY_PHASE_STRIP = NO;
				DEBUG_INFORMATION_FORMAT = dwarf;
				ENABLE_STRICT_OBJC_MSGSEND = YES;
				GCC_C_LANGUAGE_STANDARD = gnu99;
				GCC_DYNAMIC_NO_PIC = NO;
				GCC_NO_COMMON_BLOCKS = YES;
				GCC_OPTIMIZATION_LEVEL = 0;
				GCC_PREPROCESSOR_DEFINITIONS = (
					"DEBUG=1",
					"$(inherited)",
				);
				GCC_SYMBOLS_PRIVATE_EXTERN = NO;
				GCC_WARN_64_TO_32_BIT_CONVERSION = YES;
				GCC_WARN_ABOUT_RETURN_TYPE = YES_ERROR;
				GCC_WARN_UNDECLARED_SELECTOR = YES;
				GCC_WARN_UNINITIALIZED_AUTOS = YES_AGGRESSIVE;
				GCC_WARN_UNUSED_FUNCTION = YES;
				GCC_WARN_UNUSED_VARIABLE = YES;
				MACOSX_DEPLOYMENT_TARGET = 10.10;
				MTL_ENABLE_DEBUG_INFO = YES;
				ONLY_ACTIVE_ARCH = YES;
				SDKROOT = macosx;
				SWIFT_OPTIMIZATION_LEVEL = "-Onone";
			};
			name = Debug;
		};
		CADF863D1B1328260068602D /* Release */ = {
			isa = XCBuildConfiguration;
			buildSettings = {
				ALWAYS_SEARCH_USER_PATHS = NO;
				CLANG_CXX_LANGUAGE_STANDARD = "gnu++0x";
				CLANG_CXX_LIBRARY = "libc++";
				CLANG_ENABLE_MODULES = YES;
				CLANG_ENABLE_OBJC_ARC = YES;
				CLANG_WARN_BOOL_CONVERSION = YES;
				CLANG_WARN_CONSTANT_CONVERSION = YES;
				CLANG_WARN_DIRECT_OBJC_ISA_USAGE = YES_ERROR;
				CLANG_WARN_EMPTY_BODY = YES;
				CLANG_WARN_ENUM_CONVERSION = YES;
				CLANG_WARN_INT_CONVERSION = YES;
				CLANG_WARN_OBJC_ROOT_CLASS = YES_ERROR;
				CLANG_WARN_UNREACHABLE_CODE = YES;
				CLANG_WARN__DUPLICATE_METHOD_MATCH = YES;
				COPY_PHASE_STRIP = NO;
				DEBUG_INFORMATION_FORMAT = "dwarf-with-dsym";
				ENABLE_NS_ASSERTIONS = NO;
				ENABLE_STRICT_OBJC_MSGSEND = YES;
				GCC_C_LANGUAGE_STANDARD = gnu99;
				GCC_NO_COMMON_BLOCKS = YES;
				GCC_WARN_64_TO_32_BIT_CONVERSION = YES;
				GCC_WARN_ABOUT_RETURN_TYPE = YES_ERROR;
				GCC_WARN_UNDECLARED_SELECTOR = YES;
				GCC_WARN_UNINITIALIZED_AUTOS = YES_AGGRESSIVE;
				GCC_WARN_UNUSED_FUNCTION = YES;
				GCC_WARN_UNUSED_VARIABLE = YES;
				MACOSX_DEPLOYMENT_TARGET = 10.10;
				MTL_ENABLE_DEBUG_INFO = NO;
				SDKROOT = macosx;
			};
			name = Release;
		};
		CADF863F1B1328260068602D /* Debug */ = {
			isa = XCBuildConfiguration;
			buildSettings = {
				CLANG_ENABLE_MODULES = YES;
				LD_RUNPATH_SEARCH_PATHS = "$(inherited) @executable_path/../Frameworks @loader_path/../Frameworks";
                OTHER_LDFLAGS = (
                    "-sectcreate",
                    __TEXT,
                    skeleton,
                    "$(PROJECT_DIR)/swake/Skeleton.swift",
                );
				PRODUCT_NAME = "$(TARGET_NAME)";
				SWIFT_OBJC_BRIDGING_HEADER = "swake/swake-Bridging-Header.h";
				SWIFT_OPTIMIZATION_LEVEL = "-Onone";
			};
			name = Debug;
		};
		CADF86401B1328260068602D /* Release */ = {
			isa = XCBuildConfiguration;
			buildSettings = {
				CLANG_ENABLE_MODULES = YES;
				LD_RUNPATH_SEARCH_PATHS = "$(inherited) @executable_path/../Frameworks @loader_path/../Frameworks";
				OTHER_LDFLAGS = (
					"-sectcreate",
					__TEXT,
					skeleton,
					"$(PROJECT_DIR)/swake/Skeleton.swift",
				);
				PRODUCT_NAME = "$(TARGET_NAME)";
				SWIFT_OBJC_BRIDGING_HEADER = "swake/swake-Bridging-Header.h";
			};
			name = Release;
		};
/* End XCBuildConfiguration section */

/* Begin XCConfigurationList section */
		CADF86321B1328260068602D /* Build configuration list for PBXProject "swake" */ = {
			isa = XCConfigurationList;
			buildConfigurations = (
				CADF863C1B1328260068602D /* Debug */,
				CADF863D1B1328260068602D /* Release */,
			);
			defaultConfigurationIsVisible = 0;
			defaultConfigurationName = Release;
		};
		CADF863E1B1328260068602D /* Build configuration list for PBXNativeTarget "swake" */ = {
			isa = XCConfigurationList;
			buildConfigurations = (
				CADF863F1B1328260068602D /* Debug */,
				CADF86401B1328260068602D /* Release */,
			);
			defaultConfigurationIsVisible = 0;
			defaultConfigurationName = Release;
		};
/* End XCConfigurationList section */
	};
	rootObject = CADF862F1B1328260068602D /* Project object */;
}
